
Microsoft Visual Studio Solution File, Format Version 12.00
# Visual Studio Version 16
VisualStudioVersion = 16.0.31112.23
MinimumVisualStudioVersion = 10.0.40219.1
Project("{9A19103F-16F7-4668-BE54-9A1E7A4F7556}") = "CPoolUtil.Interface", "CPoolUtil.Interface\CPoolUtil.Interface.csproj", "{9C155B73-7B88-4BF5-88C8-E33607B1FDAA}"
EndProject
Project("{9A19103F-16F7-4668-BE54-9A1E7A4F7556}") = "CPoolUtil.Core", "CPoolUtil.Core\CPoolUtil.Core.csproj", "{9D7559ED-A5DC-4CB4-9009-13D92B42D017}"
EndProject
Global
	GlobalSection(SolutionConfigurationPlatforms) = preSolution
		Debug|x64 = Debug|x64
		Release|x64 = Release|x64
	EndGlobalSection
	GlobalSection(ProjectConfigurationPlatforms) = postSolution
		{9C155B73-7B88-4BF5-88C8-E33607B1FDAA}.Debug|x64.ActiveCfg = Debug|Any CPU
		{9C155B73-7B88-4BF5-88C8-E33607B1FDAA}.Debug|x64.Build.0 = Debug|Any CPU
		{9C155B73-7B88-4BF5-88C8-E33607B1FDAA}.Release|x64.ActiveCfg = Release|Any CPU
		{9C155B73-7B88-4BF5-88C8-E33607B1FDAA}.Release|x64.Build.0 = Release|Any CPU
		{9D7559ED-A5DC-4CB4-9009-13D92B42D017}.Debug|x64.ActiveCfg = Debug|Any CPU
		{9D7559ED-A5DC-4CB4-9009-13D92B42D017}.Debug|x64.Build.0 = Debug|Any CPU
		{9D7559ED-A5DC-4CB4-9009-13D92B42D017}.Release|x64.ActiveCfg = Release|Any CPU
		{9D7559ED-A5DC-4CB4-9009-13D92B42D017}.Release|x64.Build.0 = Release|Any CPU
	EndGlobalSection
	GlobalSection(SolutionProperties) = preSolution
		HideSolutionNode = FALSE
	EndGlobalSection
	GlobalSection(ExtensibilityGlobals) = postSolution
		SolutionGuid = {DC615B4D-E875-4E97-97A7-4B99BFAF7357}
	EndGlobalSection
EndGlobal
